
Microsoft Visual Studio Solution File, Format Version 12.00
# Visual Studio Version 16
VisualStudioVersion = 16.0.30011.22
MinimumVisualStudioVersion = 10.0.40219.1
Project("{9A19103F-16F7-4668-BE54-9A1E7A4F7556}") = "GradebookWeb", "GradebookWeb\GradebookWeb.csproj", "{35025FF1-877A-445B-919C-E4FE9DCBED7A}"
EndProject
Project("{9A19103F-16F7-4668-BE54-9A1E7A4F7556}") = "GradebookSqlServerDAL", "GradebookSqlServerDAL\GradebookSqlServerDAL.csproj", "{51B7B638-E538-42BF-8DF4-D2929EED859D}"
EndProject
Project("{9A19103F-16F7-4668-BE54-9A1E7A4F7556}") = "GradebookBLL", "GradebookBLL\GradebookBLL.csproj", "{4E698533-6412-46EA-9E1C-252EB6C7D3B9}"
EndProject
Project("{FAE04EC0-301F-11D3-BF4B-00C04F79EFBC}") = "GradebookShared", "GradebookShared\GradebookShared.csproj", "{FF8F1C29-D2AE-4B43-9566-9531DBB29F60}"
EndProject
Global
	GlobalSection(SolutionConfigurationPlatforms) = preSolution
		Debug|Any CPU = Debug|Any CPU
		Release|Any CPU = Release|Any CPU
	EndGlobalSection
	GlobalSection(ProjectConfigurationPlatforms) = postSolution
		{35025FF1-877A-445B-919C-E4FE9DCBED7A}.Debug|Any CPU.ActiveCfg = Debug|Any CPU
		{35025FF1-877A-445B-919C-E4FE9DCBED7A}.Debug|Any CPU.Build.0 = Debug|Any CPU
		{35025FF1-877A-445B-919C-E4FE9DCBED7A}.Release|Any CPU.ActiveCfg = Release|Any CPU
		{35025FF1-877A-445B-919C-E4FE9DCBED7A}.Release|Any CPU.Build.0 = Release|Any CPU
		{51B7B638-E538-42BF-8DF4-D2929EED859D}.Debug|Any CPU.ActiveCfg = Debug|Any CPU
		{51B7B638-E538-42BF-8DF4-D2929EED859D}.Debug|Any CPU.Build.0 = Debug|Any CPU
		{51B7B638-E538-42BF-8DF4-D2929EED859D}.Release|Any CPU.ActiveCfg = Release|Any CPU
		{51B7B638-E538-42BF-8DF4-D2929EED859D}.Release|Any CPU.Build.0 = Release|Any CPU
		{4E698533-6412-46EA-9E1C-252EB6C7D3B9}.Debug|Any CPU.ActiveCfg = Debug|Any CPU
		{4E698533-6412-46EA-9E1C-252EB6C7D3B9}.Debug|Any CPU.Build.0 = Debug|Any CPU
		{4E698533-6412-46EA-9E1C-252EB6C7D3B9}.Release|Any CPU.ActiveCfg = Release|Any CPU
		{4E698533-6412-46EA-9E1C-252EB6C7D3B9}.Release|Any CPU.Build.0 = Release|Any CPU
		{FF8F1C29-D2AE-4B43-9566-9531DBB29F60}.Debug|Any CPU.ActiveCfg = Debug|Any CPU
		{FF8F1C29-D2AE-4B43-9566-9531DBB29F60}.Debug|Any CPU.Build.0 = Debug|Any CPU
		{FF8F1C29-D2AE-4B43-9566-9531DBB29F60}.Release|Any CPU.ActiveCfg = Release|Any CPU
		{FF8F1C29-D2AE-4B43-9566-9531DBB29F60}.Release|Any CPU.Build.0 = Release|Any CPU
	EndGlobalSection
	GlobalSection(SolutionProperties) = preSolution
		HideSolutionNode = FALSE
	EndGlobalSection
	GlobalSection(ExtensibilityGlobals) = postSolution
		SolutionGuid = {49D5C258-7D8E-47C9-BF32-F0F7C09B471A}
	EndGlobalSection
EndGlobal
